
Microsoft Visual Studio Solution File, Format Version 12.00
# Visual Studio Version 17
VisualStudioVersion = 17.0.31912.275
MinimumVisualStudioVersion = 10.0.40219.1
Project("{FAE04EC0-301F-11D3-BF4B-00C04F79EFBC}") = "Have", "Have\Have.csproj", "{C811030A-E4CC-4C7B-BADE-94537AE1833F}"
EndProject
Project("{FAE04EC0-301F-11D3-BF4B-00C04F79EFBC}") = "Utilities", "Utilities\Utilities.csproj", "{CB38D65E-0DF5-4063-892E-9188BC526A31}"
EndProject
Project("{FAE04EC0-301F-11D3-BF4B-00C04F79EFBC}") = "ChangeLister", "ChangeLister\ChangeLister.csproj", "{12572270-AFB5-41CF-848E-F8D8FF14A3F2}"
EndProject
Project("{FAE04EC0-301F-11D3-BF4B-00C04F79EFBC}") = "GitPrompt", "GitPrompt\GitPrompt.csproj", "{1CC67AC6-1270-455E-9DCD-2CACFB922082}"
EndProject
Project("{FAE04EC0-301F-11D3-BF4B-00C04F79EFBC}") = "Utilities-Tests", "Utilities-Tests\Utilities-Tests.csproj", "{5EB9A5C4-064B-40F6-9AAD-1211E03FF6D8}"
EndProject
Project("{FAE04EC0-301F-11D3-BF4B-00C04F79EFBC}") = "GitSync", "GitSync\GitSync.csproj", "{F7984BA4-D726-4BDB-BE92-CDB47244EE70}"
EndProject
Project("{FAE04EC0-301F-11D3-BF4B-00C04F79EFBC}") = "ScrubStrings", "ScrubStrings\ScrubStrings.csproj", "{4193F8B6-B1B2-4D19-B949-6DEE97F9AD82}"
EndProject
Project("{FAE04EC0-301F-11D3-BF4B-00C04F79EFBC}") = "GitSwitchBranch", "GitSwitchBranch\GitSwitchBranch.csproj", "{A267496A-C3D7-44D3-87CC-14A913CFF2B5}"
EndProject
Project("{FAE04EC0-301F-11D3-BF4B-00C04F79EFBC}") = "GitStaleBranches", "GitStaleBranches\GitStaleBranches.csproj", "{78C1AFF3-57EB-4818-A15C-D14674013688}"
EndProject
Project("{FAE04EC0-301F-11D3-BF4B-00C04F79EFBC}") = "SearchAndReplace", "SearchAndReplace\SearchAndReplace.csproj", "{0BA5B7DC-750B-4E19-93AE-C94736E41823}"
EndProject
Project("{FAE04EC0-301F-11D3-BF4B-00C04F79EFBC}") = "Cleanup", "Cleanup\Cleanup.csproj", "{CF89E952-5632-4738-9BB9-0088458BBCBE}"
EndProject
Project("{FAE04EC0-301F-11D3-BF4B-00C04F79EFBC}") = "JsonViewer", "JsonViewer\JsonViewer.csproj", "{86637E48-D0AF-46A1-B611-2089FCABAC87}"
EndProject
Project("{FAE04EC0-301F-11D3-BF4B-00C04F79EFBC}") = "IdParser", "IdParser\IdParser.csproj", "{5B211B9B-02A6-4804-90A8-F2454D8E55B0}"
EndProject
Project("{FAE04EC0-301F-11D3-BF4B-00C04F79EFBC}") = "IdParserTests", "IdParserTests\IdParserTests.csproj", "{CB274F88-4A02-49B4-A359-B2980E517660}"
EndProject
Project("{FAE04EC0-301F-11D3-BF4B-00C04F79EFBC}") = "HealthSpreadsheet", "HealthSpreadsheet\HealthSpreadsheet.csproj", "{9319AA52-565A-4EB9-AF38-E9C70D05DB11}"
EndProject
Project("{FAE04EC0-301F-11D3-BF4B-00C04F79EFBC}") = "Logging", "Logging\Logging.csproj", "{9FD63E7B-BE56-4986-9B53-0D71AC2282D9}"
EndProject
Project("{FAE04EC0-301F-11D3-BF4B-00C04F79EFBC}") = "Playlist Generator", "Playlist Generator\Playlist Generator.csproj", "{1A2595D7-5AA1-4B60-AD28-39EFAE747FA9}"
EndProject
Project("{FAE04EC0-301F-11D3-BF4B-00C04F79EFBC}") = "RepartitionTests", "RepartitionTests\RepartitionTests.csproj", "{9CB29A37-487A-4376-BD5A-9CA0B2AA44C8}"
EndProject
Project("{FAE04EC0-301F-11D3-BF4B-00C04F79EFBC}") = "GitVersionCopy", "GitVersionCopy\GitVersionCopy.csproj", "{24D3D75B-4DC8-405B-88EA-D0E1BAD8FE6B}"
EndProject
Project("{FAE04EC0-301F-11D3-BF4B-00C04F79EFBC}") = "InvariantStringCleanup", "InvariantStringCleanup\InvariantStringCleanup.csproj", "{B7AE4CFE-4384-4E1B-9DB1-D195FC936493}"
EndProject
Project("{9A19103F-16F7-4668-BE54-9A1E7A4F7556}") = "Wordle", "Wordle\Wordle.csproj", "{A54ED427-FEAD-4612-A9DE-E676832531C6}"
EndProject
Project("{9A19103F-16F7-4668-BE54-9A1E7A4F7556}") = "ArmorEvaluator", "ArmorEvaluator\ArmorEvaluator.csproj", "{4A65C60E-6C4D-4470-B9F8-16B5F31A7A85}"
EndProject
Project("{2150E333-8FDC-42A3-9474-1A3956D46DE8}") = "Solution Items", "Solution Items", "{AC47AEB3-A30E-481D-A46A-A8318453B406}"
	ProjectSection(SolutionItems) = preProject
		.editorconfig = .editorconfig
	EndProjectSection
EndProject
Project("{9A19103F-16F7-4668-BE54-9A1E7A4F7556}") = "WeaponEvaluator", "WeaponEvaluator\WeaponEvaluator.csproj", "{0FFA2466-2F05-4545-A5A1-D0C6231BB411}"
EndProject
Project("{9A19103F-16F7-4668-BE54-9A1E7A4F7556}") = "Wordle-Starter", "Wordle-Starter\Wordle-Starter.csproj", "{FA62C6F1-DB01-48A8-AED9-B57B272D3734}"
EndProject
Project("{9A19103F-16F7-4668-BE54-9A1E7A4F7556}") = "ChristmasList", "ChristmasList\ChristmasList.csproj", "{33C7E4CB-4D49-4E38-9ADD-180BD096BAAD}"
EndProject
Project("{9A19103F-16F7-4668-BE54-9A1E7A4F7556}") = "LetterLongDivision", "LetterLongDivision\LetterLongDivision.csproj", "{448283B3-DF31-4EFE-B42F-13E24F3CE23C}"
EndProject
Project("{FAE04EC0-301F-11D3-BF4B-00C04F79EFBC}") = "Wordle-Parallel", "Wordle-Parallel\Wordle-Parallel.csproj", "{1E54E0A9-E964-43EF-8D61-F0E4C2B6346F}"
EndProject
Global
	GlobalSection(SolutionConfigurationPlatforms) = preSolution
		Debug|Any CPU = Debug|Any CPU
		Debug|ARM = Debug|ARM
		Debug|x64 = Debug|x64
		Debug|x86 = Debug|x86
		Release|Any CPU = Release|Any CPU
		Release|ARM = Release|ARM
		Release|x64 = Release|x64
		Release|x86 = Release|x86
	EndGlobalSection
	GlobalSection(ProjectConfigurationPlatforms) = postSolution
		{C811030A-E4CC-4C7B-BADE-94537AE1833F}.Debug|Any CPU.ActiveCfg = Debug|Any CPU
		{C811030A-E4CC-4C7B-BADE-94537AE1833F}.Debug|Any CPU.Build.0 = Debug|Any CPU
		{C811030A-E4CC-4C7B-BADE-94537AE1833F}.Debug|ARM.ActiveCfg = Debug|Any CPU
		{C811030A-E4CC-4C7B-BADE-94537AE1833F}.Debug|ARM.Build.0 = Debug|Any CPU
		{C811030A-E4CC-4C7B-BADE-94537AE1833F}.Debug|x64.ActiveCfg = Debug|Any CPU
		{C811030A-E4CC-4C7B-BADE-94537AE1833F}.Debug|x64.Build.0 = Debug|Any CPU
		{C811030A-E4CC-4C7B-BADE-94537AE1833F}.Debug|x86.ActiveCfg = Debug|Any CPU
		{C811030A-E4CC-4C7B-BADE-94537AE1833F}.Debug|x86.Build.0 = Debug|Any CPU
		{C811030A-E4CC-4C7B-BADE-94537AE1833F}.Release|Any CPU.ActiveCfg = Release|Any CPU
		{C811030A-E4CC-4C7B-BADE-94537AE1833F}.Release|Any CPU.Build.0 = Release|Any CPU
		{C811030A-E4CC-4C7B-BADE-94537AE1833F}.Release|ARM.ActiveCfg = Release|Any CPU
		{C811030A-E4CC-4C7B-BADE-94537AE1833F}.Release|ARM.Build.0 = Release|Any CPU
		{C811030A-E4CC-4C7B-BADE-94537AE1833F}.Release|x64.ActiveCfg = Release|Any CPU
		{C811030A-E4CC-4C7B-BADE-94537AE1833F}.Release|x64.Build.0 = Release|Any CPU
		{C811030A-E4CC-4C7B-BADE-94537AE1833F}.Release|x86.ActiveCfg = Release|Any CPU
		{C811030A-E4CC-4C7B-BADE-94537AE1833F}.Release|x86.Build.0 = Release|Any CPU
		{CB38D65E-0DF5-4063-892E-9188BC526A31}.Debug|Any CPU.ActiveCfg = Debug|Any CPU
		{CB38D65E-0DF5-4063-892E-9188BC526A31}.Debug|Any CPU.Build.0 = Debug|Any CPU
		{CB38D65E-0DF5-4063-892E-9188BC526A31}.Debug|ARM.ActiveCfg = Debug|Any CPU
		{CB38D65E-0DF5-4063-892E-9188BC526A31}.Debug|ARM.Build.0 = Debug|Any CPU
		{CB38D65E-0DF5-4063-892E-9188BC526A31}.Debug|x64.ActiveCfg = Debug|Any CPU
		{CB38D65E-0DF5-4063-892E-9188BC526A31}.Debug|x64.Build.0 = Debug|Any CPU
		{CB38D65E-0DF5-4063-892E-9188BC526A31}.Debug|x86.ActiveCfg = Debug|Any CPU
		{CB38D65E-0DF5-4063-892E-9188BC526A31}.Debug|x86.Build.0 = Debug|Any CPU
		{CB38D65E-0DF5-4063-892E-9188BC526A31}.Release|Any CPU.ActiveCfg = Release|Any CPU
		{CB38D65E-0DF5-4063-892E-9188BC526A31}.Release|Any CPU.Build.0 = Release|Any CPU
		{CB38D65E-0DF5-4063-892E-9188BC526A31}.Release|ARM.ActiveCfg = Release|Any CPU
		{CB38D65E-0DF5-4063-892E-9188BC526A31}.Release|ARM.Build.0 = Release|Any CPU
		{CB38D65E-0DF5-4063-892E-9188BC526A31}.Release|x64.ActiveCfg = Release|Any CPU
		{CB38D65E-0DF5-4063-892E-9188BC526A31}.Release|x64.Build.0 = Release|Any CPU
		{CB38D65E-0DF5-4063-892E-9188BC526A31}.Release|x86.ActiveCfg = Release|Any CPU
		{CB38D65E-0DF5-4063-892E-9188BC526A31}.Release|x86.Build.0 = Release|Any CPU
		{12572270-AFB5-41CF-848E-F8D8FF14A3F2}.Debug|Any CPU.ActiveCfg = Debug|x86
		{12572270-AFB5-41CF-848E-F8D8FF14A3F2}.Debug|Any CPU.Build.0 = Debug|x86
		{12572270-AFB5-41CF-848E-F8D8FF14A3F2}.Debug|ARM.ActiveCfg = Debug|x86
		{12572270-AFB5-41CF-848E-F8D8FF14A3F2}.Debug|x64.ActiveCfg = Debug|x86
		{12572270-AFB5-41CF-848E-F8D8FF14A3F2}.Debug|x86.ActiveCfg = Debug|x86
		{12572270-AFB5-41CF-848E-F8D8FF14A3F2}.Debug|x86.Build.0 = Debug|x86
		{12572270-AFB5-41CF-848E-F8D8FF14A3F2}.Release|Any CPU.ActiveCfg = Release|x86
		{12572270-AFB5-41CF-848E-F8D8FF14A3F2}.Release|Any CPU.Build.0 = Release|x86
		{12572270-AFB5-41CF-848E-F8D8FF14A3F2}.Release|ARM.ActiveCfg = Release|x86
		{12572270-AFB5-41CF-848E-F8D8FF14A3F2}.Release|x64.ActiveCfg = Release|x86
		{12572270-AFB5-41CF-848E-F8D8FF14A3F2}.Release|x86.ActiveCfg = Release|x86
		{12572270-AFB5-41CF-848E-F8D8FF14A3F2}.Release|x86.Build.0 = Release|x86
		{1CC67AC6-1270-455E-9DCD-2CACFB922082}.Debug|Any CPU.ActiveCfg = Debug|Any CPU
		{1CC67AC6-1270-455E-9DCD-2CACFB922082}.Debug|Any CPU.Build.0 = Debug|Any CPU
		{1CC67AC6-1270-455E-9DCD-2CACFB922082}.Debug|ARM.ActiveCfg = Debug|Any CPU
		{1CC67AC6-1270-455E-9DCD-2CACFB922082}.Debug|ARM.Build.0 = Debug|Any CPU
		{1CC67AC6-1270-455E-9DCD-2CACFB922082}.Debug|x64.ActiveCfg = Debug|Any CPU
		{1CC67AC6-1270-455E-9DCD-2CACFB922082}.Debug|x64.Build.0 = Debug|Any CPU
		{1CC67AC6-1270-455E-9DCD-2CACFB922082}.Debug|x86.ActiveCfg = Debug|Any CPU
		{1CC67AC6-1270-455E-9DCD-2CACFB922082}.Debug|x86.Build.0 = Debug|Any CPU
		{1CC67AC6-1270-455E-9DCD-2CACFB922082}.Release|Any CPU.ActiveCfg = Release|Any CPU
		{1CC67AC6-1270-455E-9DCD-2CACFB922082}.Release|Any CPU.Build.0 = Release|Any CPU
		{1CC67AC6-1270-455E-9DCD-2CACFB922082}.Release|ARM.ActiveCfg = Release|Any CPU
		{1CC67AC6-1270-455E-9DCD-2CACFB922082}.Release|ARM.Build.0 = Release|Any CPU
		{1CC67AC6-1270-455E-9DCD-2CACFB922082}.Release|x64.ActiveCfg = Release|Any CPU
		{1CC67AC6-1270-455E-9DCD-2CACFB922082}.Release|x64.Build.0 = Release|Any CPU
		{1CC67AC6-1270-455E-9DCD-2CACFB922082}.Release|x86.ActiveCfg = Release|Any CPU
		{1CC67AC6-1270-455E-9DCD-2CACFB922082}.Release|x86.Build.0 = Release|Any CPU
		{5EB9A5C4-064B-40F6-9AAD-1211E03FF6D8}.Debug|Any CPU.ActiveCfg = Debug|Any CPU
		{5EB9A5C4-064B-40F6-9AAD-1211E03FF6D8}.Debug|Any CPU.Build.0 = Debug|Any CPU
		{5EB9A5C4-064B-40F6-9AAD-1211E03FF6D8}.Debug|ARM.ActiveCfg = Debug|Any CPU
		{5EB9A5C4-064B-40F6-9AAD-1211E03FF6D8}.Debug|ARM.Build.0 = Debug|Any CPU
		{5EB9A5C4-064B-40F6-9AAD-1211E03FF6D8}.Debug|x64.ActiveCfg = Debug|Any CPU
		{5EB9A5C4-064B-40F6-9AAD-1211E03FF6D8}.Debug|x64.Build.0 = Debug|Any CPU
		{5EB9A5C4-064B-40F6-9AAD-1211E03FF6D8}.Debug|x86.ActiveCfg = Debug|Any CPU
		{5EB9A5C4-064B-40F6-9AAD-1211E03FF6D8}.Debug|x86.Build.0 = Debug|Any CPU
		{5EB9A5C4-064B-40F6-9AAD-1211E03FF6D8}.Release|Any CPU.ActiveCfg = Release|Any CPU
		{5EB9A5C4-064B-40F6-9AAD-1211E03FF6D8}.Release|Any CPU.Build.0 = Release|Any CPU
		{5EB9A5C4-064B-40F6-9AAD-1211E03FF6D8}.Release|ARM.ActiveCfg = Release|Any CPU
		{5EB9A5C4-064B-40F6-9AAD-1211E03FF6D8}.Release|ARM.Build.0 = Release|Any CPU
		{5EB9A5C4-064B-40F6-9AAD-1211E03FF6D8}.Release|x64.ActiveCfg = Release|Any CPU
		{5EB9A5C4-064B-40F6-9AAD-1211E03FF6D8}.Release|x64.Build.0 = Release|Any CPU
		{5EB9A5C4-064B-40F6-9AAD-1211E03FF6D8}.Release|x86.ActiveCfg = Release|Any CPU
		{5EB9A5C4-064B-40F6-9AAD-1211E03FF6D8}.Release|x86.Build.0 = Release|Any CPU
		{F7984BA4-D726-4BDB-BE92-CDB47244EE70}.Debug|Any CPU.ActiveCfg = Debug|Any CPU
		{F7984BA4-D726-4BDB-BE92-CDB47244EE70}.Debug|Any CPU.Build.0 = Debug|Any CPU
		{F7984BA4-D726-4BDB-BE92-CDB47244EE70}.Debug|ARM.ActiveCfg = Debug|Any CPU
		{F7984BA4-D726-4BDB-BE92-CDB47244EE70}.Debug|ARM.Build.0 = Debug|Any CPU
		{F7984BA4-D726-4BDB-BE92-CDB47244EE70}.Debug|x64.ActiveCfg = Debug|Any CPU
		{F7984BA4-D726-4BDB-BE92-CDB47244EE70}.Debug|x64.Build.0 = Debug|Any CPU
		{F7984BA4-D726-4BDB-BE92-CDB47244EE70}.Debug|x86.ActiveCfg = Debug|Any CPU
		{F7984BA4-D726-4BDB-BE92-CDB47244EE70}.Debug|x86.Build.0 = Debug|Any CPU
		{F7984BA4-D726-4BDB-BE92-CDB47244EE70}.Release|Any CPU.ActiveCfg = Release|Any CPU
		{F7984BA4-D726-4BDB-BE92-CDB47244EE70}.Release|Any CPU.Build.0 = Release|Any CPU
		{F7984BA4-D726-4BDB-BE92-CDB47244EE70}.Release|ARM.ActiveCfg = Release|Any CPU
		{F7984BA4-D726-4BDB-BE92-CDB47244EE70}.Release|ARM.Build.0 = Release|Any CPU
		{F7984BA4-D726-4BDB-BE92-CDB47244EE70}.Release|x64.ActiveCfg = Release|Any CPU
		{F7984BA4-D726-4BDB-BE92-CDB47244EE70}.Release|x64.Build.0 = Release|Any CPU
		{F7984BA4-D726-4BDB-BE92-CDB47244EE70}.Release|x86.ActiveCfg = Release|Any CPU
		{F7984BA4-D726-4BDB-BE92-CDB47244EE70}.Release|x86.Build.0 = Release|Any CPU
		{4193F8B6-B1B2-4D19-B949-6DEE97F9AD82}.Debug|Any CPU.ActiveCfg = Debug|Any CPU
		{4193F8B6-B1B2-4D19-B949-6DEE97F9AD82}.Debug|Any CPU.Build.0 = Debug|Any CPU
		{4193F8B6-B1B2-4D19-B949-6DEE97F9AD82}.Debug|ARM.ActiveCfg = Debug|Any CPU
		{4193F8B6-B1B2-4D19-B949-6DEE97F9AD82}.Debug|ARM.Build.0 = Debug|Any CPU
		{4193F8B6-B1B2-4D19-B949-6DEE97F9AD82}.Debug|x64.ActiveCfg = Debug|Any CPU
		{4193F8B6-B1B2-4D19-B949-6DEE97F9AD82}.Debug|x64.Build.0 = Debug|Any CPU
		{4193F8B6-B1B2-4D19-B949-6DEE97F9AD82}.Debug|x86.ActiveCfg = Debug|Any CPU
		{4193F8B6-B1B2-4D19-B949-6DEE97F9AD82}.Debug|x86.Build.0 = Debug|Any CPU
		{4193F8B6-B1B2-4D19-B949-6DEE97F9AD82}.Release|Any CPU.ActiveCfg = Release|Any CPU
		{4193F8B6-B1B2-4D19-B949-6DEE97F9AD82}.Release|Any CPU.Build.0 = Release|Any CPU
		{4193F8B6-B1B2-4D19-B949-6DEE97F9AD82}.Release|ARM.ActiveCfg = Release|Any CPU
		{4193F8B6-B1B2-4D19-B949-6DEE97F9AD82}.Release|ARM.Build.0 = Release|Any CPU
		{4193F8B6-B1B2-4D19-B949-6DEE97F9AD82}.Release|x64.ActiveCfg = Release|Any CPU
		{4193F8B6-B1B2-4D19-B949-6DEE97F9AD82}.Release|x64.Build.0 = Release|Any CPU
		{4193F8B6-B1B2-4D19-B949-6DEE97F9AD82}.Release|x86.ActiveCfg = Release|Any CPU
		{4193F8B6-B1B2-4D19-B949-6DEE97F9AD82}.Release|x86.Build.0 = Release|Any CPU
		{A267496A-C3D7-44D3-87CC-14A913CFF2B5}.Debug|Any CPU.ActiveCfg = Debug|Any CPU
		{A267496A-C3D7-44D3-87CC-14A913CFF2B5}.Debug|Any CPU.Build.0 = Debug|Any CPU
		{A267496A-C3D7-44D3-87CC-14A913CFF2B5}.Debug|ARM.ActiveCfg = Debug|Any CPU
		{A267496A-C3D7-44D3-87CC-14A913CFF2B5}.Debug|ARM.Build.0 = Debug|Any CPU
		{A267496A-C3D7-44D3-87CC-14A913CFF2B5}.Debug|x64.ActiveCfg = Debug|Any CPU
		{A267496A-C3D7-44D3-87CC-14A913CFF2B5}.Debug|x64.Build.0 = Debug|Any CPU
		{A267496A-C3D7-44D3-87CC-14A913CFF2B5}.Debug|x86.ActiveCfg = Debug|Any CPU
		{A267496A-C3D7-44D3-87CC-14A913CFF2B5}.Debug|x86.Build.0 = Debug|Any CPU
		{A267496A-C3D7-44D3-87CC-14A913CFF2B5}.Release|Any CPU.ActiveCfg = Release|Any CPU
		{A267496A-C3D7-44D3-87CC-14A913CFF2B5}.Release|Any CPU.Build.0 = Release|Any CPU
		{A267496A-C3D7-44D3-87CC-14A913CFF2B5}.Release|ARM.ActiveCfg = Release|Any CPU
		{A267496A-C3D7-44D3-87CC-14A913CFF2B5}.Release|ARM.Build.0 = Release|Any CPU
		{A267496A-C3D7-44D3-87CC-14A913CFF2B5}.Release|x64.ActiveCfg = Release|Any CPU
		{A267496A-C3D7-44D3-87CC-14A913CFF2B5}.Release|x64.Build.0 = Release|Any CPU
		{A267496A-C3D7-44D3-87CC-14A913CFF2B5}.Release|x86.ActiveCfg = Release|Any CPU
		{A267496A-C3D7-44D3-87CC-14A913CFF2B5}.Release|x86.Build.0 = Release|Any CPU
		{78C1AFF3-57EB-4818-A15C-D14674013688}.Debug|Any CPU.ActiveCfg = Debug|Any CPU
		{78C1AFF3-57EB-4818-A15C-D14674013688}.Debug|Any CPU.Build.0 = Debug|Any CPU
		{78C1AFF3-57EB-4818-A15C-D14674013688}.Debug|ARM.ActiveCfg = Debug|Any CPU
		{78C1AFF3-57EB-4818-A15C-D14674013688}.Debug|ARM.Build.0 = Debug|Any CPU
		{78C1AFF3-57EB-4818-A15C-D14674013688}.Debug|x64.ActiveCfg = Debug|Any CPU
		{78C1AFF3-57EB-4818-A15C-D14674013688}.Debug|x64.Build.0 = Debug|Any CPU
		{78C1AFF3-57EB-4818-A15C-D14674013688}.Debug|x86.ActiveCfg = Debug|Any CPU
		{78C1AFF3-57EB-4818-A15C-D14674013688}.Debug|x86.Build.0 = Debug|Any CPU
		{78C1AFF3-57EB-4818-A15C-D14674013688}.Release|Any CPU.ActiveCfg = Release|Any CPU
		{78C1AFF3-57EB-4818-A15C-D14674013688}.Release|Any CPU.Build.0 = Release|Any CPU
		{78C1AFF3-57EB-4818-A15C-D14674013688}.Release|ARM.ActiveCfg = Release|Any CPU
		{78C1AFF3-57EB-4818-A15C-D14674013688}.Release|ARM.Build.0 = Release|Any CPU
		{78C1AFF3-57EB-4818-A15C-D14674013688}.Release|x64.ActiveCfg = Release|Any CPU
		{78C1AFF3-57EB-4818-A15C-D14674013688}.Release|x64.Build.0 = Release|Any CPU
		{78C1AFF3-57EB-4818-A15C-D14674013688}.Release|x86.ActiveCfg = Release|Any CPU
		{78C1AFF3-57EB-4818-A15C-D14674013688}.Release|x86.Build.0 = Release|Any CPU
		{0BA5B7DC-750B-4E19-93AE-C94736E41823}.Debug|Any CPU.ActiveCfg = Debug|Any CPU
		{0BA5B7DC-750B-4E19-93AE-C94736E41823}.Debug|Any CPU.Build.0 = Debug|Any CPU
		{0BA5B7DC-750B-4E19-93AE-C94736E41823}.Debug|ARM.ActiveCfg = Debug|Any CPU
		{0BA5B7DC-750B-4E19-93AE-C94736E41823}.Debug|ARM.Build.0 = Debug|Any CPU
		{0BA5B7DC-750B-4E19-93AE-C94736E41823}.Debug|x64.ActiveCfg = Debug|Any CPU
		{0BA5B7DC-750B-4E19-93AE-C94736E41823}.Debug|x64.Build.0 = Debug|Any CPU
		{0BA5B7DC-750B-4E19-93AE-C94736E41823}.Debug|x86.ActiveCfg = Debug|Any CPU
		{0BA5B7DC-750B-4E19-93AE-C94736E41823}.Debug|x86.Build.0 = Debug|Any CPU
		{0BA5B7DC-750B-4E19-93AE-C94736E41823}.Release|Any CPU.ActiveCfg = Release|Any CPU
		{0BA5B7DC-750B-4E19-93AE-C94736E41823}.Release|Any CPU.Build.0 = Release|Any CPU
		{0BA5B7DC-750B-4E19-93AE-C94736E41823}.Release|ARM.ActiveCfg = Release|Any CPU
		{0BA5B7DC-750B-4E19-93AE-C94736E41823}.Release|ARM.Build.0 = Release|Any CPU
		{0BA5B7DC-750B-4E19-93AE-C94736E41823}.Release|x64.ActiveCfg = Release|Any CPU
		{0BA5B7DC-750B-4E19-93AE-C94736E41823}.Release|x64.Build.0 = Release|Any CPU
		{0BA5B7DC-750B-4E19-93AE-C94736E41823}.Release|x86.ActiveCfg = Release|Any CPU
		{0BA5B7DC-750B-4E19-93AE-C94736E41823}.Release|x86.Build.0 = Release|Any CPU
		{CF89E952-5632-4738-9BB9-0088458BBCBE}.Debug|Any CPU.ActiveCfg = Debug|Any CPU
		{CF89E952-5632-4738-9BB9-0088458BBCBE}.Debug|Any CPU.Build.0 = Debug|Any CPU
		{CF89E952-5632-4738-9BB9-0088458BBCBE}.Debug|ARM.ActiveCfg = Debug|Any CPU
		{CF89E952-5632-4738-9BB9-0088458BBCBE}.Debug|ARM.Build.0 = Debug|Any CPU
		{CF89E952-5632-4738-9BB9-0088458BBCBE}.Debug|x64.ActiveCfg = Debug|Any CPU
		{CF89E952-5632-4738-9BB9-0088458BBCBE}.Debug|x64.Build.0 = Debug|Any CPU
		{CF89E952-5632-4738-9BB9-0088458BBCBE}.Debug|x86.ActiveCfg = Debug|Any CPU
		{CF89E952-5632-4738-9BB9-0088458BBCBE}.Debug|x86.Build.0 = Debug|Any CPU
		{CF89E952-5632-4738-9BB9-0088458BBCBE}.Release|Any CPU.ActiveCfg = Release|Any CPU
		{CF89E952-5632-4738-9BB9-0088458BBCBE}.Release|Any CPU.Build.0 = Release|Any CPU
		{CF89E952-5632-4738-9BB9-0088458BBCBE}.Release|ARM.ActiveCfg = Release|Any CPU
		{CF89E952-5632-4738-9BB9-0088458BBCBE}.Release|ARM.Build.0 = Release|Any CPU
		{CF89E952-5632-4738-9BB9-0088458BBCBE}.Release|x64.ActiveCfg = Release|Any CPU
		{CF89E952-5632-4738-9BB9-0088458BBCBE}.Release|x64.Build.0 = Release|Any CPU
		{CF89E952-5632-4738-9BB9-0088458BBCBE}.Release|x86.ActiveCfg = Release|Any CPU
		{CF89E952-5632-4738-9BB9-0088458BBCBE}.Release|x86.Build.0 = Release|Any CPU
		{86637E48-D0AF-46A1-B611-2089FCABAC87}.Debug|Any CPU.ActiveCfg = Debug|Any CPU
		{86637E48-D0AF-46A1-B611-2089FCABAC87}.Debug|Any CPU.Build.0 = Debug|Any CPU
		{86637E48-D0AF-46A1-B611-2089FCABAC87}.Debug|ARM.ActiveCfg = Debug|Any CPU
		{86637E48-D0AF-46A1-B611-2089FCABAC87}.Debug|ARM.Build.0 = Debug|Any CPU
		{86637E48-D0AF-46A1-B611-2089FCABAC87}.Debug|x64.ActiveCfg = Debug|Any CPU
		{86637E48-D0AF-46A1-B611-2089FCABAC87}.Debug|x64.Build.0 = Debug|Any CPU
		{86637E48-D0AF-46A1-B611-2089FCABAC87}.Debug|x86.ActiveCfg = Debug|Any CPU
		{86637E48-D0AF-46A1-B611-2089FCABAC87}.Debug|x86.Build.0 = Debug|Any CPU
		{86637E48-D0AF-46A1-B611-2089FCABAC87}.Release|Any CPU.ActiveCfg = Release|Any CPU
		{86637E48-D0AF-46A1-B611-2089FCABAC87}.Release|Any CPU.Build.0 = Release|Any CPU
		{86637E48-D0AF-46A1-B611-2089FCABAC87}.Release|ARM.ActiveCfg = Release|Any CPU
		{86637E48-D0AF-46A1-B611-2089FCABAC87}.Release|ARM.Build.0 = Release|Any CPU
		{86637E48-D0AF-46A1-B611-2089FCABAC87}.Release|x64.ActiveCfg = Release|Any CPU
		{86637E48-D0AF-46A1-B611-2089FCABAC87}.Release|x64.Build.0 = Release|Any CPU
		{86637E48-D0AF-46A1-B611-2089FCABAC87}.Release|x86.ActiveCfg = Release|Any CPU
		{86637E48-D0AF-46A1-B611-2089FCABAC87}.Release|x86.Build.0 = Release|Any CPU
		{5B211B9B-02A6-4804-90A8-F2454D8E55B0}.Debug|Any CPU.ActiveCfg = Debug|Any CPU
		{5B211B9B-02A6-4804-90A8-F2454D8E55B0}.Debug|Any CPU.Build.0 = Debug|Any CPU
		{5B211B9B-02A6-4804-90A8-F2454D8E55B0}.Debug|ARM.ActiveCfg = Debug|Any CPU
		{5B211B9B-02A6-4804-90A8-F2454D8E55B0}.Debug|ARM.Build.0 = Debug|Any CPU
		{5B211B9B-02A6-4804-90A8-F2454D8E55B0}.Debug|x64.ActiveCfg = Debug|Any CPU
		{5B211B9B-02A6-4804-90A8-F2454D8E55B0}.Debug|x64.Build.0 = Debug|Any CPU
		{5B211B9B-02A6-4804-90A8-F2454D8E55B0}.Debug|x86.ActiveCfg = Debug|Any CPU
		{5B211B9B-02A6-4804-90A8-F2454D8E55B0}.Debug|x86.Build.0 = Debug|Any CPU
		{5B211B9B-02A6-4804-90A8-F2454D8E55B0}.Release|Any CPU.ActiveCfg = Release|Any CPU
		{5B211B9B-02A6-4804-90A8-F2454D8E55B0}.Release|Any CPU.Build.0 = Release|Any CPU
		{5B211B9B-02A6-4804-90A8-F2454D8E55B0}.Release|ARM.ActiveCfg = Release|Any CPU
		{5B211B9B-02A6-4804-90A8-F2454D8E55B0}.Release|ARM.Build.0 = Release|Any CPU
		{5B211B9B-02A6-4804-90A8-F2454D8E55B0}.Release|x64.ActiveCfg = Release|Any CPU
		{5B211B9B-02A6-4804-90A8-F2454D8E55B0}.Release|x64.Build.0 = Release|Any CPU
		{5B211B9B-02A6-4804-90A8-F2454D8E55B0}.Release|x86.ActiveCfg = Release|Any CPU
		{5B211B9B-02A6-4804-90A8-F2454D8E55B0}.Release|x86.Build.0 = Release|Any CPU
		{CB274F88-4A02-49B4-A359-B2980E517660}.Debug|Any CPU.ActiveCfg = Debug|Any CPU
		{CB274F88-4A02-49B4-A359-B2980E517660}.Debug|Any CPU.Build.0 = Debug|Any CPU
		{CB274F88-4A02-49B4-A359-B2980E517660}.Debug|ARM.ActiveCfg = Debug|Any CPU
		{CB274F88-4A02-49B4-A359-B2980E517660}.Debug|ARM.Build.0 = Debug|Any CPU
		{CB274F88-4A02-49B4-A359-B2980E517660}.Debug|x64.ActiveCfg = Debug|Any CPU
		{CB274F88-4A02-49B4-A359-B2980E517660}.Debug|x64.Build.0 = Debug|Any CPU
		{CB274F88-4A02-49B4-A359-B2980E517660}.Debug|x86.ActiveCfg = Debug|Any CPU
		{CB274F88-4A02-49B4-A359-B2980E517660}.Debug|x86.Build.0 = Debug|Any CPU
		{CB274F88-4A02-49B4-A359-B2980E517660}.Release|Any CPU.ActiveCfg = Release|Any CPU
		{CB274F88-4A02-49B4-A359-B2980E517660}.Release|Any CPU.Build.0 = Release|Any CPU
		{CB274F88-4A02-49B4-A359-B2980E517660}.Release|ARM.ActiveCfg = Release|Any CPU
		{CB274F88-4A02-49B4-A359-B2980E517660}.Release|ARM.Build.0 = Release|Any CPU
		{CB274F88-4A02-49B4-A359-B2980E517660}.Release|x64.ActiveCfg = Release|Any CPU
		{CB274F88-4A02-49B4-A359-B2980E517660}.Release|x64.Build.0 = Release|Any CPU
		{CB274F88-4A02-49B4-A359-B2980E517660}.Release|x86.ActiveCfg = Release|Any CPU
		{CB274F88-4A02-49B4-A359-B2980E517660}.Release|x86.Build.0 = Release|Any CPU
		{9319AA52-565A-4EB9-AF38-E9C70D05DB11}.Debug|Any CPU.ActiveCfg = Debug|Any CPU
		{9319AA52-565A-4EB9-AF38-E9C70D05DB11}.Debug|Any CPU.Build.0 = Debug|Any CPU
		{9319AA52-565A-4EB9-AF38-E9C70D05DB11}.Debug|ARM.ActiveCfg = Debug|Any CPU
		{9319AA52-565A-4EB9-AF38-E9C70D05DB11}.Debug|ARM.Build.0 = Debug|Any CPU
		{9319AA52-565A-4EB9-AF38-E9C70D05DB11}.Debug|x64.ActiveCfg = Debug|Any CPU
		{9319AA52-565A-4EB9-AF38-E9C70D05DB11}.Debug|x64.Build.0 = Debug|Any CPU
		{9319AA52-565A-4EB9-AF38-E9C70D05DB11}.Debug|x86.ActiveCfg = Debug|Any CPU
		{9319AA52-565A-4EB9-AF38-E9C70D05DB11}.Debug|x86.Build.0 = Debug|Any CPU
		{9319AA52-565A-4EB9-AF38-E9C70D05DB11}.Release|Any CPU.ActiveCfg = Release|Any CPU
		{9319AA52-565A-4EB9-AF38-E9C70D05DB11}.Release|Any CPU.Build.0 = Release|Any CPU
		{9319AA52-565A-4EB9-AF38-E9C70D05DB11}.Release|ARM.ActiveCfg = Release|Any CPU
		{9319AA52-565A-4EB9-AF38-E9C70D05DB11}.Release|ARM.Build.0 = Release|Any CPU
		{9319AA52-565A-4EB9-AF38-E9C70D05DB11}.Release|x64.ActiveCfg = Release|Any CPU
		{9319AA52-565A-4EB9-AF38-E9C70D05DB11}.Release|x64.Build.0 = Release|Any CPU
		{9319AA52-565A-4EB9-AF38-E9C70D05DB11}.Release|x86.ActiveCfg = Release|Any CPU
		{9319AA52-565A-4EB9-AF38-E9C70D05DB11}.Release|x86.Build.0 = Release|Any CPU
		{9FD63E7B-BE56-4986-9B53-0D71AC2282D9}.Debug|Any CPU.ActiveCfg = Debug|Any CPU
		{9FD63E7B-BE56-4986-9B53-0D71AC2282D9}.Debug|Any CPU.Build.0 = Debug|Any CPU
		{9FD63E7B-BE56-4986-9B53-0D71AC2282D9}.Debug|ARM.ActiveCfg = Debug|Any CPU
		{9FD63E7B-BE56-4986-9B53-0D71AC2282D9}.Debug|ARM.Build.0 = Debug|Any CPU
		{9FD63E7B-BE56-4986-9B53-0D71AC2282D9}.Debug|x64.ActiveCfg = Debug|Any CPU
		{9FD63E7B-BE56-4986-9B53-0D71AC2282D9}.Debug|x64.Build.0 = Debug|Any CPU
		{9FD63E7B-BE56-4986-9B53-0D71AC2282D9}.Debug|x86.ActiveCfg = Debug|Any CPU
		{9FD63E7B-BE56-4986-9B53-0D71AC2282D9}.Debug|x86.Build.0 = Debug|Any CPU
		{9FD63E7B-BE56-4986-9B53-0D71AC2282D9}.Release|Any CPU.ActiveCfg = Release|Any CPU
		{9FD63E7B-BE56-4986-9B53-0D71AC2282D9}.Release|Any CPU.Build.0 = Release|Any CPU
		{9FD63E7B-BE56-4986-9B53-0D71AC2282D9}.Release|ARM.ActiveCfg = Release|Any CPU
		{9FD63E7B-BE56-4986-9B53-0D71AC2282D9}.Release|ARM.Build.0 = Release|Any CPU
		{9FD63E7B-BE56-4986-9B53-0D71AC2282D9}.Release|x64.ActiveCfg = Release|Any CPU
		{9FD63E7B-BE56-4986-9B53-0D71AC2282D9}.Release|x64.Build.0 = Release|Any CPU
		{9FD63E7B-BE56-4986-9B53-0D71AC2282D9}.Release|x86.ActiveCfg = Release|Any CPU
		{9FD63E7B-BE56-4986-9B53-0D71AC2282D9}.Release|x86.Build.0 = Release|Any CPU
		{1A2595D7-5AA1-4B60-AD28-39EFAE747FA9}.Debug|Any CPU.ActiveCfg = Debug|Any CPU
		{1A2595D7-5AA1-4B60-AD28-39EFAE747FA9}.Debug|Any CPU.Build.0 = Debug|Any CPU
		{1A2595D7-5AA1-4B60-AD28-39EFAE747FA9}.Debug|ARM.ActiveCfg = Debug|Any CPU
		{1A2595D7-5AA1-4B60-AD28-39EFAE747FA9}.Debug|ARM.Build.0 = Debug|Any CPU
		{1A2595D7-5AA1-4B60-AD28-39EFAE747FA9}.Debug|x64.ActiveCfg = Debug|Any CPU
		{1A2595D7-5AA1-4B60-AD28-39EFAE747FA9}.Debug|x64.Build.0 = Debug|Any CPU
		{1A2595D7-5AA1-4B60-AD28-39EFAE747FA9}.Debug|x86.ActiveCfg = Debug|Any CPU
		{1A2595D7-5AA1-4B60-AD28-39EFAE747FA9}.Debug|x86.Build.0 = Debug|Any CPU
		{1A2595D7-5AA1-4B60-AD28-39EFAE747FA9}.Release|Any CPU.ActiveCfg = Release|Any CPU
		{1A2595D7-5AA1-4B60-AD28-39EFAE747FA9}.Release|Any CPU.Build.0 = Release|Any CPU
		{1A2595D7-5AA1-4B60-AD28-39EFAE747FA9}.Release|ARM.ActiveCfg = Release|Any CPU
		{1A2595D7-5AA1-4B60-AD28-39EFAE747FA9}.Release|ARM.Build.0 = Release|Any CPU
		{1A2595D7-5AA1-4B60-AD28-39EFAE747FA9}.Release|x64.ActiveCfg = Release|Any CPU
		{1A2595D7-5AA1-4B60-AD28-39EFAE747FA9}.Release|x64.Build.0 = Release|Any CPU
		{1A2595D7-5AA1-4B60-AD28-39EFAE747FA9}.Release|x86.ActiveCfg = Release|Any CPU
		{1A2595D7-5AA1-4B60-AD28-39EFAE747FA9}.Release|x86.Build.0 = Release|Any CPU
		{9CB29A37-487A-4376-BD5A-9CA0B2AA44C8}.Debug|Any CPU.ActiveCfg = Debug|Any CPU
		{9CB29A37-487A-4376-BD5A-9CA0B2AA44C8}.Debug|Any CPU.Build.0 = Debug|Any CPU
		{9CB29A37-487A-4376-BD5A-9CA0B2AA44C8}.Debug|ARM.ActiveCfg = Debug|Any CPU
		{9CB29A37-487A-4376-BD5A-9CA0B2AA44C8}.Debug|ARM.Build.0 = Debug|Any CPU
		{9CB29A37-487A-4376-BD5A-9CA0B2AA44C8}.Debug|x64.ActiveCfg = Debug|Any CPU
		{9CB29A37-487A-4376-BD5A-9CA0B2AA44C8}.Debug|x64.Build.0 = Debug|Any CPU
		{9CB29A37-487A-4376-BD5A-9CA0B2AA44C8}.Debug|x86.ActiveCfg = Debug|Any CPU
		{9CB29A37-487A-4376-BD5A-9CA0B2AA44C8}.Debug|x86.Build.0 = Debug|Any CPU
		{9CB29A37-487A-4376-BD5A-9CA0B2AA44C8}.Release|Any CPU.ActiveCfg = Release|Any CPU
		{9CB29A37-487A-4376-BD5A-9CA0B2AA44C8}.Release|Any CPU.Build.0 = Release|Any CPU
		{9CB29A37-487A-4376-BD5A-9CA0B2AA44C8}.Release|ARM.ActiveCfg = Release|Any CPU
		{9CB29A37-487A-4376-BD5A-9CA0B2AA44C8}.Release|ARM.Build.0 = Release|Any CPU
		{9CB29A37-487A-4376-BD5A-9CA0B2AA44C8}.Release|x64.ActiveCfg = Release|Any CPU
		{9CB29A37-487A-4376-BD5A-9CA0B2AA44C8}.Release|x64.Build.0 = Release|Any CPU
		{9CB29A37-487A-4376-BD5A-9CA0B2AA44C8}.Release|x86.ActiveCfg = Release|Any CPU
		{9CB29A37-487A-4376-BD5A-9CA0B2AA44C8}.Release|x86.Build.0 = Release|Any CPU
		{24D3D75B-4DC8-405B-88EA-D0E1BAD8FE6B}.Debug|Any CPU.ActiveCfg = Debug|Any CPU
		{24D3D75B-4DC8-405B-88EA-D0E1BAD8FE6B}.Debug|Any CPU.Build.0 = Debug|Any CPU
		{24D3D75B-4DC8-405B-88EA-D0E1BAD8FE6B}.Debug|ARM.ActiveCfg = Debug|Any CPU
		{24D3D75B-4DC8-405B-88EA-D0E1BAD8FE6B}.Debug|ARM.Build.0 = Debug|Any CPU
		{24D3D75B-4DC8-405B-88EA-D0E1BAD8FE6B}.Debug|x64.ActiveCfg = Debug|Any CPU
		{24D3D75B-4DC8-405B-88EA-D0E1BAD8FE6B}.Debug|x64.Build.0 = Debug|Any CPU
		{24D3D75B-4DC8-405B-88EA-D0E1BAD8FE6B}.Debug|x86.ActiveCfg = Debug|Any CPU
		{24D3D75B-4DC8-405B-88EA-D0E1BAD8FE6B}.Debug|x86.Build.0 = Debug|Any CPU
		{24D3D75B-4DC8-405B-88EA-D0E1BAD8FE6B}.Release|Any CPU.ActiveCfg = Release|Any CPU
		{24D3D75B-4DC8-405B-88EA-D0E1BAD8FE6B}.Release|Any CPU.Build.0 = Release|Any CPU
		{24D3D75B-4DC8-405B-88EA-D0E1BAD8FE6B}.Release|ARM.ActiveCfg = Release|Any CPU
		{24D3D75B-4DC8-405B-88EA-D0E1BAD8FE6B}.Release|ARM.Build.0 = Release|Any CPU
		{24D3D75B-4DC8-405B-88EA-D0E1BAD8FE6B}.Release|x64.ActiveCfg = Release|Any CPU
		{24D3D75B-4DC8-405B-88EA-D0E1BAD8FE6B}.Release|x64.Build.0 = Release|Any CPU
		{24D3D75B-4DC8-405B-88EA-D0E1BAD8FE6B}.Release|x86.ActiveCfg = Release|Any CPU
		{24D3D75B-4DC8-405B-88EA-D0E1BAD8FE6B}.Release|x86.Build.0 = Release|Any CPU
		{B7AE4CFE-4384-4E1B-9DB1-D195FC936493}.Debug|Any CPU.ActiveCfg = Debug|Any CPU
		{B7AE4CFE-4384-4E1B-9DB1-D195FC936493}.Debug|Any CPU.Build.0 = Debug|Any CPU
		{B7AE4CFE-4384-4E1B-9DB1-D195FC936493}.Debug|ARM.ActiveCfg = Debug|Any CPU
		{B7AE4CFE-4384-4E1B-9DB1-D195FC936493}.Debug|ARM.Build.0 = Debug|Any CPU
		{B7AE4CFE-4384-4E1B-9DB1-D195FC936493}.Debug|x64.ActiveCfg = Debug|Any CPU
		{B7AE4CFE-4384-4E1B-9DB1-D195FC936493}.Debug|x64.Build.0 = Debug|Any CPU
		{B7AE4CFE-4384-4E1B-9DB1-D195FC936493}.Debug|x86.ActiveCfg = Debug|Any CPU
		{B7AE4CFE-4384-4E1B-9DB1-D195FC936493}.Debug|x86.Build.0 = Debug|Any CPU
		{B7AE4CFE-4384-4E1B-9DB1-D195FC936493}.Release|Any CPU.ActiveCfg = Release|Any CPU
		{B7AE4CFE-4384-4E1B-9DB1-D195FC936493}.Release|Any CPU.Build.0 = Release|Any CPU
		{B7AE4CFE-4384-4E1B-9DB1-D195FC936493}.Release|ARM.ActiveCfg = Release|Any CPU
		{B7AE4CFE-4384-4E1B-9DB1-D195FC936493}.Release|ARM.Build.0 = Release|Any CPU
		{B7AE4CFE-4384-4E1B-9DB1-D195FC936493}.Release|x64.ActiveCfg = Release|Any CPU
		{B7AE4CFE-4384-4E1B-9DB1-D195FC936493}.Release|x64.Build.0 = Release|Any CPU
		{B7AE4CFE-4384-4E1B-9DB1-D195FC936493}.Release|x86.ActiveCfg = Release|Any CPU
		{B7AE4CFE-4384-4E1B-9DB1-D195FC936493}.Release|x86.Build.0 = Release|Any CPU
		{A54ED427-FEAD-4612-A9DE-E676832531C6}.Debug|Any CPU.ActiveCfg = Debug|Any CPU
		{A54ED427-FEAD-4612-A9DE-E676832531C6}.Debug|Any CPU.Build.0 = Debug|Any CPU
		{A54ED427-FEAD-4612-A9DE-E676832531C6}.Debug|ARM.ActiveCfg = Debug|Any CPU
		{A54ED427-FEAD-4612-A9DE-E676832531C6}.Debug|ARM.Build.0 = Debug|Any CPU
		{A54ED427-FEAD-4612-A9DE-E676832531C6}.Debug|x64.ActiveCfg = Debug|Any CPU
		{A54ED427-FEAD-4612-A9DE-E676832531C6}.Debug|x64.Build.0 = Debug|Any CPU
		{A54ED427-FEAD-4612-A9DE-E676832531C6}.Debug|x86.ActiveCfg = Debug|Any CPU
		{A54ED427-FEAD-4612-A9DE-E676832531C6}.Debug|x86.Build.0 = Debug|Any CPU
		{A54ED427-FEAD-4612-A9DE-E676832531C6}.Release|Any CPU.ActiveCfg = Release|Any CPU
		{A54ED427-FEAD-4612-A9DE-E676832531C6}.Release|Any CPU.Build.0 = Release|Any CPU
		{A54ED427-FEAD-4612-A9DE-E676832531C6}.Release|ARM.ActiveCfg = Release|Any CPU
		{A54ED427-FEAD-4612-A9DE-E676832531C6}.Release|ARM.Build.0 = Release|Any CPU
		{A54ED427-FEAD-4612-A9DE-E676832531C6}.Release|x64.ActiveCfg = Release|Any CPU
		{A54ED427-FEAD-4612-A9DE-E676832531C6}.Release|x64.Build.0 = Release|Any CPU
		{A54ED427-FEAD-4612-A9DE-E676832531C6}.Release|x86.ActiveCfg = Release|Any CPU
		{A54ED427-FEAD-4612-A9DE-E676832531C6}.Release|x86.Build.0 = Release|Any CPU
		{4A65C60E-6C4D-4470-B9F8-16B5F31A7A85}.Debug|Any CPU.ActiveCfg = Debug|Any CPU
		{4A65C60E-6C4D-4470-B9F8-16B5F31A7A85}.Debug|Any CPU.Build.0 = Debug|Any CPU
		{4A65C60E-6C4D-4470-B9F8-16B5F31A7A85}.Debug|ARM.ActiveCfg = Debug|Any CPU
		{4A65C60E-6C4D-4470-B9F8-16B5F31A7A85}.Debug|ARM.Build.0 = Debug|Any CPU
		{4A65C60E-6C4D-4470-B9F8-16B5F31A7A85}.Debug|x64.ActiveCfg = Debug|Any CPU
		{4A65C60E-6C4D-4470-B9F8-16B5F31A7A85}.Debug|x64.Build.0 = Debug|Any CPU
		{4A65C60E-6C4D-4470-B9F8-16B5F31A7A85}.Debug|x86.ActiveCfg = Debug|Any CPU
		{4A65C60E-6C4D-4470-B9F8-16B5F31A7A85}.Debug|x86.Build.0 = Debug|Any CPU
		{4A65C60E-6C4D-4470-B9F8-16B5F31A7A85}.Release|Any CPU.ActiveCfg = Release|Any CPU
		{4A65C60E-6C4D-4470-B9F8-16B5F31A7A85}.Release|Any CPU.Build.0 = Release|Any CPU
		{4A65C60E-6C4D-4470-B9F8-16B5F31A7A85}.Release|ARM.ActiveCfg = Release|Any CPU
		{4A65C60E-6C4D-4470-B9F8-16B5F31A7A85}.Release|ARM.Build.0 = Release|Any CPU
		{4A65C60E-6C4D-4470-B9F8-16B5F31A7A85}.Release|x64.ActiveCfg = Release|Any CPU
		{4A65C60E-6C4D-4470-B9F8-16B5F31A7A85}.Release|x64.Build.0 = Release|Any CPU
		{4A65C60E-6C4D-4470-B9F8-16B5F31A7A85}.Release|x86.ActiveCfg = Release|Any CPU
		{4A65C60E-6C4D-4470-B9F8-16B5F31A7A85}.Release|x86.Build.0 = Release|Any CPU
		{0FFA2466-2F05-4545-A5A1-D0C6231BB411}.Debug|Any CPU.ActiveCfg = Debug|Any CPU
		{0FFA2466-2F05-4545-A5A1-D0C6231BB411}.Debug|Any CPU.Build.0 = Debug|Any CPU
		{0FFA2466-2F05-4545-A5A1-D0C6231BB411}.Debug|ARM.ActiveCfg = Debug|Any CPU
		{0FFA2466-2F05-4545-A5A1-D0C6231BB411}.Debug|ARM.Build.0 = Debug|Any CPU
		{0FFA2466-2F05-4545-A5A1-D0C6231BB411}.Debug|x64.ActiveCfg = Debug|Any CPU
		{0FFA2466-2F05-4545-A5A1-D0C6231BB411}.Debug|x64.Build.0 = Debug|Any CPU
		{0FFA2466-2F05-4545-A5A1-D0C6231BB411}.Debug|x86.ActiveCfg = Debug|Any CPU
		{0FFA2466-2F05-4545-A5A1-D0C6231BB411}.Debug|x86.Build.0 = Debug|Any CPU
		{0FFA2466-2F05-4545-A5A1-D0C6231BB411}.Release|Any CPU.ActiveCfg = Release|Any CPU
		{0FFA2466-2F05-4545-A5A1-D0C6231BB411}.Release|Any CPU.Build.0 = Release|Any CPU
		{0FFA2466-2F05-4545-A5A1-D0C6231BB411}.Release|ARM.ActiveCfg = Release|Any CPU
		{0FFA2466-2F05-4545-A5A1-D0C6231BB411}.Release|ARM.Build.0 = Release|Any CPU
		{0FFA2466-2F05-4545-A5A1-D0C6231BB411}.Release|x64.ActiveCfg = Release|Any CPU
		{0FFA2466-2F05-4545-A5A1-D0C6231BB411}.Release|x64.Build.0 = Release|Any CPU
		{0FFA2466-2F05-4545-A5A1-D0C6231BB411}.Release|x86.ActiveCfg = Release|Any CPU
		{0FFA2466-2F05-4545-A5A1-D0C6231BB411}.Release|x86.Build.0 = Release|Any CPU
		{FA62C6F1-DB01-48A8-AED9-B57B272D3734}.Debug|Any CPU.ActiveCfg = Debug|Any CPU
		{FA62C6F1-DB01-48A8-AED9-B57B272D3734}.Debug|Any CPU.Build.0 = Debug|Any CPU
		{FA62C6F1-DB01-48A8-AED9-B57B272D3734}.Debug|ARM.ActiveCfg = Debug|Any CPU
		{FA62C6F1-DB01-48A8-AED9-B57B272D3734}.Debug|ARM.Build.0 = Debug|Any CPU
		{FA62C6F1-DB01-48A8-AED9-B57B272D3734}.Debug|x64.ActiveCfg = Debug|Any CPU
		{FA62C6F1-DB01-48A8-AED9-B57B272D3734}.Debug|x64.Build.0 = Debug|Any CPU
		{FA62C6F1-DB01-48A8-AED9-B57B272D3734}.Debug|x86.ActiveCfg = Debug|Any CPU
		{FA62C6F1-DB01-48A8-AED9-B57B272D3734}.Debug|x86.Build.0 = Debug|Any CPU
		{FA62C6F1-DB01-48A8-AED9-B57B272D3734}.Release|Any CPU.ActiveCfg = Release|Any CPU
		{FA62C6F1-DB01-48A8-AED9-B57B272D3734}.Release|Any CPU.Build.0 = Release|Any CPU
		{FA62C6F1-DB01-48A8-AED9-B57B272D3734}.Release|ARM.ActiveCfg = Release|Any CPU
		{FA62C6F1-DB01-48A8-AED9-B57B272D3734}.Release|ARM.Build.0 = Release|Any CPU
		{FA62C6F1-DB01-48A8-AED9-B57B272D3734}.Release|x64.ActiveCfg = Release|Any CPU
		{FA62C6F1-DB01-48A8-AED9-B57B272D3734}.Release|x64.Build.0 = Release|Any CPU
		{FA62C6F1-DB01-48A8-AED9-B57B272D3734}.Release|x86.ActiveCfg = Release|Any CPU
		{FA62C6F1-DB01-48A8-AED9-B57B272D3734}.Release|x86.Build.0 = Release|Any CPU
		{33C7E4CB-4D49-4E38-9ADD-180BD096BAAD}.Debug|Any CPU.ActiveCfg = Debug|Any CPU
		{33C7E4CB-4D49-4E38-9ADD-180BD096BAAD}.Debug|Any CPU.Build.0 = Debug|Any CPU
		{33C7E4CB-4D49-4E38-9ADD-180BD096BAAD}.Debug|ARM.ActiveCfg = Debug|Any CPU
		{33C7E4CB-4D49-4E38-9ADD-180BD096BAAD}.Debug|ARM.Build.0 = Debug|Any CPU
		{33C7E4CB-4D49-4E38-9ADD-180BD096BAAD}.Debug|x64.ActiveCfg = Debug|Any CPU
		{33C7E4CB-4D49-4E38-9ADD-180BD096BAAD}.Debug|x64.Build.0 = Debug|Any CPU
		{33C7E4CB-4D49-4E38-9ADD-180BD096BAAD}.Debug|x86.ActiveCfg = Debug|Any CPU
		{33C7E4CB-4D49-4E38-9ADD-180BD096BAAD}.Debug|x86.Build.0 = Debug|Any CPU
		{33C7E4CB-4D49-4E38-9ADD-180BD096BAAD}.Release|Any CPU.ActiveCfg = Release|Any CPU
		{33C7E4CB-4D49-4E38-9ADD-180BD096BAAD}.Release|Any CPU.Build.0 = Release|Any CPU
		{33C7E4CB-4D49-4E38-9ADD-180BD096BAAD}.Release|ARM.ActiveCfg = Release|Any CPU
		{33C7E4CB-4D49-4E38-9ADD-180BD096BAAD}.Release|ARM.Build.0 = Release|Any CPU
		{33C7E4CB-4D49-4E38-9ADD-180BD096BAAD}.Release|x64.ActiveCfg = Release|Any CPU
		{33C7E4CB-4D49-4E38-9ADD-180BD096BAAD}.Release|x64.Build.0 = Release|Any CPU
		{33C7E4CB-4D49-4E38-9ADD-180BD096BAAD}.Release|x86.ActiveCfg = Release|Any CPU
		{33C7E4CB-4D49-4E38-9ADD-180BD096BAAD}.Release|x86.Build.0 = Release|Any CPU
		{448283B3-DF31-4EFE-B42F-13E24F3CE23C}.Debug|Any CPU.ActiveCfg = Debug|Any CPU
		{448283B3-DF31-4EFE-B42F-13E24F3CE23C}.Debug|Any CPU.Build.0 = Debug|Any CPU
		{448283B3-DF31-4EFE-B42F-13E24F3CE23C}.Debug|ARM.ActiveCfg = Debug|Any CPU
		{448283B3-DF31-4EFE-B42F-13E24F3CE23C}.Debug|ARM.Build.0 = Debug|Any CPU
		{448283B3-DF31-4EFE-B42F-13E24F3CE23C}.Debug|x64.ActiveCfg = Debug|Any CPU
		{448283B3-DF31-4EFE-B42F-13E24F3CE23C}.Debug|x64.Build.0 = Debug|Any CPU
		{448283B3-DF31-4EFE-B42F-13E24F3CE23C}.Debug|x86.ActiveCfg = Debug|Any CPU
		{448283B3-DF31-4EFE-B42F-13E24F3CE23C}.Debug|x86.Build.0 = Debug|Any CPU
		{448283B3-DF31-4EFE-B42F-13E24F3CE23C}.Release|Any CPU.ActiveCfg = Release|Any CPU
		{448283B3-DF31-4EFE-B42F-13E24F3CE23C}.Release|Any CPU.Build.0 = Release|Any CPU
		{448283B3-DF31-4EFE-B42F-13E24F3CE23C}.Release|ARM.ActiveCfg = Release|Any CPU
		{448283B3-DF31-4EFE-B42F-13E24F3CE23C}.Release|ARM.Build.0 = Release|Any CPU
		{448283B3-DF31-4EFE-B42F-13E24F3CE23C}.Release|x64.ActiveCfg = Release|Any CPU
		{448283B3-DF31-4EFE-B42F-13E24F3CE23C}.Release|x64.Build.0 = Release|Any CPU
		{448283B3-DF31-4EFE-B42F-13E24F3CE23C}.Release|x86.ActiveCfg = Release|Any CPU
		{448283B3-DF31-4EFE-B42F-13E24F3CE23C}.Release|x86.Build.0 = Release|Any CPU
		{1E54E0A9-E964-43EF-8D61-F0E4C2B6346F}.Debug|Any CPU.ActiveCfg = Debug|Any CPU
		{1E54E0A9-E964-43EF-8D61-F0E4C2B6346F}.Debug|Any CPU.Build.0 = Debug|Any CPU
		{1E54E0A9-E964-43EF-8D61-F0E4C2B6346F}.Debug|ARM.ActiveCfg = Debug|Any CPU
		{1E54E0A9-E964-43EF-8D61-F0E4C2B6346F}.Debug|ARM.Build.0 = Debug|Any CPU
		{1E54E0A9-E964-43EF-8D61-F0E4C2B6346F}.Debug|x64.ActiveCfg = Debug|Any CPU
		{1E54E0A9-E964-43EF-8D61-F0E4C2B6346F}.Debug|x64.Build.0 = Debug|Any CPU
		{1E54E0A9-E964-43EF-8D61-F0E4C2B6346F}.Debug|x86.ActiveCfg = Debug|Any CPU
		{1E54E0A9-E964-43EF-8D61-F0E4C2B6346F}.Debug|x86.Build.0 = Debug|Any CPU
		{1E54E0A9-E964-43EF-8D61-F0E4C2B6346F}.Release|Any CPU.ActiveCfg = Release|Any CPU
		{1E54E0A9-E964-43EF-8D61-F0E4C2B6346F}.Release|Any CPU.Build.0 = Release|Any CPU
		{1E54E0A9-E964-43EF-8D61-F0E4C2B6346F}.Release|ARM.ActiveCfg = Release|Any CPU
		{1E54E0A9-E964-43EF-8D61-F0E4C2B6346F}.Release|ARM.Build.0 = Release|Any CPU
		{1E54E0A9-E964-43EF-8D61-F0E4C2B6346F}.Release|x64.ActiveCfg = Release|Any CPU
		{1E54E0A9-E964-43EF-8D61-F0E4C2B6346F}.Release|x64.Build.0 = Release|Any CPU
		{1E54E0A9-E964-43EF-8D61-F0E4C2B6346F}.Release|x86.ActiveCfg = Release|Any CPU
		{1E54E0A9-E964-43EF-8D61-F0E4C2B6346F}.Release|x86.Build.0 = Release|Any CPU
	EndGlobalSection
	GlobalSection(SolutionProperties) = preSolution
		HideSolutionNode = FALSE
	EndGlobalSection
	GlobalSection(ExtensibilityGlobals) = postSolution
		SolutionGuid = {107AC4FE-615A-4A2C-8061-758E04391DF2}
	EndGlobalSection
EndGlobal
