
Microsoft Visual Studio Solution File, Format Version 12.00
# Visual Studio 15
VisualStudioVersion = 15.0.26430.15
MinimumVisualStudioVersion = 10.0.40219.1
Project("{FAE04EC0-301F-11D3-BF4B-00C04F79EFBC}") = "Have", "Have\Have.csproj", "{C811030A-E4CC-4C7B-BADE-94537AE1833F}"
EndProject
Project("{FAE04EC0-301F-11D3-BF4B-00C04F79EFBC}") = "Utilities", "Utilities\Utilities.csproj", "{CB38D65E-0DF5-4063-892E-9188BC526A31}"
EndProject
Project("{FAE04EC0-301F-11D3-BF4B-00C04F79EFBC}") = "ChangeLister", "ChangeLister\ChangeLister.csproj", "{12572270-AFB5-41CF-848E-F8D8FF14A3F2}"
EndProject
Project("{FAE04EC0-301F-11D3-BF4B-00C04F79EFBC}") = "GitPrompt", "GitPrompt\GitPrompt.csproj", "{1CC67AC6-1270-455E-9DCD-2CACFB922082}"
EndProject
Project("{FAE04EC0-301F-11D3-BF4B-00C04F79EFBC}") = "Utilities-Tests", "Utilities-Tests\Utilities-Tests.csproj", "{5EB9A5C4-064B-40F6-9AAD-1211E03FF6D8}"
EndProject
Project("{FAE04EC0-301F-11D3-BF4B-00C04F79EFBC}") = "GitSync", "GitSync\GitSync.csproj", "{F7984BA4-D726-4BDB-BE92-CDB47244EE70}"
EndProject
Project("{FAE04EC0-301F-11D3-BF4B-00C04F79EFBC}") = "Hack", "Hack\Hack.csproj", "{8B8E59A2-4E58-492F-A7EE-2CB3EC4C744B}"
EndProject
Project("{FAE04EC0-301F-11D3-BF4B-00C04F79EFBC}") = "ScrubStrings", "ScrubStrings\ScrubStrings.csproj", "{4193F8B6-B1B2-4D19-B949-6DEE97F9AD82}"
EndProject
Project("{FAE04EC0-301F-11D3-BF4B-00C04F79EFBC}") = "GitSwitchBranch", "GitSwitchBranch\GitSwitchBranch.csproj", "{A267496A-C3D7-44D3-87CC-14A913CFF2B5}"
EndProject
Project("{FAE04EC0-301F-11D3-BF4B-00C04F79EFBC}") = "GitStaleBranches", "GitStaleBranches\GitStaleBranches.csproj", "{78C1AFF3-57EB-4818-A15C-D14674013688}"
EndProject
Project("{FAE04EC0-301F-11D3-BF4B-00C04F79EFBC}") = "SearchAndReplace", "SearchAndReplace\SearchAndReplace.csproj", "{0BA5B7DC-750B-4E19-93AE-C94736E41823}"
EndProject
Global
	GlobalSection(SolutionConfigurationPlatforms) = preSolution
		Debug|Any CPU = Debug|Any CPU
		Debug|ARM = Debug|ARM
		Debug|x64 = Debug|x64
		Debug|x86 = Debug|x86
		Release|Any CPU = Release|Any CPU
		Release|ARM = Release|ARM
		Release|x64 = Release|x64
		Release|x86 = Release|x86
	EndGlobalSection
	GlobalSection(ProjectConfigurationPlatforms) = postSolution
		{C811030A-E4CC-4C7B-BADE-94537AE1833F}.Debug|Any CPU.ActiveCfg = Debug|Any CPU
		{C811030A-E4CC-4C7B-BADE-94537AE1833F}.Debug|Any CPU.Build.0 = Debug|Any CPU
		{C811030A-E4CC-4C7B-BADE-94537AE1833F}.Debug|ARM.ActiveCfg = Debug|Any CPU
		{C811030A-E4CC-4C7B-BADE-94537AE1833F}.Debug|ARM.Build.0 = Debug|Any CPU
		{C811030A-E4CC-4C7B-BADE-94537AE1833F}.Debug|x64.ActiveCfg = Debug|Any CPU
		{C811030A-E4CC-4C7B-BADE-94537AE1833F}.Debug|x64.Build.0 = Debug|Any CPU
		{C811030A-E4CC-4C7B-BADE-94537AE1833F}.Debug|x86.ActiveCfg = Debug|Any CPU
		{C811030A-E4CC-4C7B-BADE-94537AE1833F}.Debug|x86.Build.0 = Debug|Any CPU
		{C811030A-E4CC-4C7B-BADE-94537AE1833F}.Release|Any CPU.ActiveCfg = Release|Any CPU
		{C811030A-E4CC-4C7B-BADE-94537AE1833F}.Release|Any CPU.Build.0 = Release|Any CPU
		{C811030A-E4CC-4C7B-BADE-94537AE1833F}.Release|ARM.ActiveCfg = Release|Any CPU
		{C811030A-E4CC-4C7B-BADE-94537AE1833F}.Release|ARM.Build.0 = Release|Any CPU
		{C811030A-E4CC-4C7B-BADE-94537AE1833F}.Release|x64.ActiveCfg = Release|Any CPU
		{C811030A-E4CC-4C7B-BADE-94537AE1833F}.Release|x64.Build.0 = Release|Any CPU
		{C811030A-E4CC-4C7B-BADE-94537AE1833F}.Release|x86.ActiveCfg = Release|Any CPU
		{C811030A-E4CC-4C7B-BADE-94537AE1833F}.Release|x86.Build.0 = Release|Any CPU
		{CB38D65E-0DF5-4063-892E-9188BC526A31}.Debug|Any CPU.ActiveCfg = Debug|Any CPU
		{CB38D65E-0DF5-4063-892E-9188BC526A31}.Debug|Any CPU.Build.0 = Debug|Any CPU
		{CB38D65E-0DF5-4063-892E-9188BC526A31}.Debug|ARM.ActiveCfg = Debug|Any CPU
		{CB38D65E-0DF5-4063-892E-9188BC526A31}.Debug|ARM.Build.0 = Debug|Any CPU
		{CB38D65E-0DF5-4063-892E-9188BC526A31}.Debug|x64.ActiveCfg = Debug|Any CPU
		{CB38D65E-0DF5-4063-892E-9188BC526A31}.Debug|x64.Build.0 = Debug|Any CPU
		{CB38D65E-0DF5-4063-892E-9188BC526A31}.Debug|x86.ActiveCfg = Debug|Any CPU
		{CB38D65E-0DF5-4063-892E-9188BC526A31}.Debug|x86.Build.0 = Debug|Any CPU
		{CB38D65E-0DF5-4063-892E-9188BC526A31}.Release|Any CPU.ActiveCfg = Release|Any CPU
		{CB38D65E-0DF5-4063-892E-9188BC526A31}.Release|Any CPU.Build.0 = Release|Any CPU
		{CB38D65E-0DF5-4063-892E-9188BC526A31}.Release|ARM.ActiveCfg = Release|Any CPU
		{CB38D65E-0DF5-4063-892E-9188BC526A31}.Release|ARM.Build.0 = Release|Any CPU
		{CB38D65E-0DF5-4063-892E-9188BC526A31}.Release|x64.ActiveCfg = Release|Any CPU
		{CB38D65E-0DF5-4063-892E-9188BC526A31}.Release|x64.Build.0 = Release|Any CPU
		{CB38D65E-0DF5-4063-892E-9188BC526A31}.Release|x86.ActiveCfg = Release|Any CPU
		{CB38D65E-0DF5-4063-892E-9188BC526A31}.Release|x86.Build.0 = Release|Any CPU
		{12572270-AFB5-41CF-848E-F8D8FF14A3F2}.Debug|Any CPU.ActiveCfg = Debug|x86
		{12572270-AFB5-41CF-848E-F8D8FF14A3F2}.Debug|Any CPU.Build.0 = Debug|x86
		{12572270-AFB5-41CF-848E-F8D8FF14A3F2}.Debug|ARM.ActiveCfg = Debug|x86
		{12572270-AFB5-41CF-848E-F8D8FF14A3F2}.Debug|x64.ActiveCfg = Debug|x86
		{12572270-AFB5-41CF-848E-F8D8FF14A3F2}.Debug|x86.ActiveCfg = Debug|x86
		{12572270-AFB5-41CF-848E-F8D8FF14A3F2}.Debug|x86.Build.0 = Debug|x86
		{12572270-AFB5-41CF-848E-F8D8FF14A3F2}.Release|Any CPU.ActiveCfg = Release|x86
		{12572270-AFB5-41CF-848E-F8D8FF14A3F2}.Release|Any CPU.Build.0 = Release|x86
		{12572270-AFB5-41CF-848E-F8D8FF14A3F2}.Release|ARM.ActiveCfg = Release|x86
		{12572270-AFB5-41CF-848E-F8D8FF14A3F2}.Release|x64.ActiveCfg = Release|x86
		{12572270-AFB5-41CF-848E-F8D8FF14A3F2}.Release|x86.ActiveCfg = Release|x86
		{12572270-AFB5-41CF-848E-F8D8FF14A3F2}.Release|x86.Build.0 = Release|x86
		{1CC67AC6-1270-455E-9DCD-2CACFB922082}.Debug|Any CPU.ActiveCfg = Debug|Any CPU
		{1CC67AC6-1270-455E-9DCD-2CACFB922082}.Debug|Any CPU.Build.0 = Debug|Any CPU
		{1CC67AC6-1270-455E-9DCD-2CACFB922082}.Debug|ARM.ActiveCfg = Debug|Any CPU
		{1CC67AC6-1270-455E-9DCD-2CACFB922082}.Debug|ARM.Build.0 = Debug|Any CPU
		{1CC67AC6-1270-455E-9DCD-2CACFB922082}.Debug|x64.ActiveCfg = Debug|Any CPU
		{1CC67AC6-1270-455E-9DCD-2CACFB922082}.Debug|x64.Build.0 = Debug|Any CPU
		{1CC67AC6-1270-455E-9DCD-2CACFB922082}.Debug|x86.ActiveCfg = Debug|Any CPU
		{1CC67AC6-1270-455E-9DCD-2CACFB922082}.Debug|x86.Build.0 = Debug|Any CPU
		{1CC67AC6-1270-455E-9DCD-2CACFB922082}.Release|Any CPU.ActiveCfg = Release|Any CPU
		{1CC67AC6-1270-455E-9DCD-2CACFB922082}.Release|Any CPU.Build.0 = Release|Any CPU
		{1CC67AC6-1270-455E-9DCD-2CACFB922082}.Release|ARM.ActiveCfg = Release|Any CPU
		{1CC67AC6-1270-455E-9DCD-2CACFB922082}.Release|ARM.Build.0 = Release|Any CPU
		{1CC67AC6-1270-455E-9DCD-2CACFB922082}.Release|x64.ActiveCfg = Release|Any CPU
		{1CC67AC6-1270-455E-9DCD-2CACFB922082}.Release|x64.Build.0 = Release|Any CPU
		{1CC67AC6-1270-455E-9DCD-2CACFB922082}.Release|x86.ActiveCfg = Release|Any CPU
		{1CC67AC6-1270-455E-9DCD-2CACFB922082}.Release|x86.Build.0 = Release|Any CPU
		{5EB9A5C4-064B-40F6-9AAD-1211E03FF6D8}.Debug|Any CPU.ActiveCfg = Debug|Any CPU
		{5EB9A5C4-064B-40F6-9AAD-1211E03FF6D8}.Debug|Any CPU.Build.0 = Debug|Any CPU
		{5EB9A5C4-064B-40F6-9AAD-1211E03FF6D8}.Debug|ARM.ActiveCfg = Debug|Any CPU
		{5EB9A5C4-064B-40F6-9AAD-1211E03FF6D8}.Debug|ARM.Build.0 = Debug|Any CPU
		{5EB9A5C4-064B-40F6-9AAD-1211E03FF6D8}.Debug|x64.ActiveCfg = Debug|Any CPU
		{5EB9A5C4-064B-40F6-9AAD-1211E03FF6D8}.Debug|x64.Build.0 = Debug|Any CPU
		{5EB9A5C4-064B-40F6-9AAD-1211E03FF6D8}.Debug|x86.ActiveCfg = Debug|Any CPU
		{5EB9A5C4-064B-40F6-9AAD-1211E03FF6D8}.Debug|x86.Build.0 = Debug|Any CPU
		{5EB9A5C4-064B-40F6-9AAD-1211E03FF6D8}.Release|Any CPU.ActiveCfg = Release|Any CPU
		{5EB9A5C4-064B-40F6-9AAD-1211E03FF6D8}.Release|Any CPU.Build.0 = Release|Any CPU
		{5EB9A5C4-064B-40F6-9AAD-1211E03FF6D8}.Release|ARM.ActiveCfg = Release|Any CPU
		{5EB9A5C4-064B-40F6-9AAD-1211E03FF6D8}.Release|ARM.Build.0 = Release|Any CPU
		{5EB9A5C4-064B-40F6-9AAD-1211E03FF6D8}.Release|x64.ActiveCfg = Release|Any CPU
		{5EB9A5C4-064B-40F6-9AAD-1211E03FF6D8}.Release|x64.Build.0 = Release|Any CPU
		{5EB9A5C4-064B-40F6-9AAD-1211E03FF6D8}.Release|x86.ActiveCfg = Release|Any CPU
		{5EB9A5C4-064B-40F6-9AAD-1211E03FF6D8}.Release|x86.Build.0 = Release|Any CPU
		{F7984BA4-D726-4BDB-BE92-CDB47244EE70}.Debug|Any CPU.ActiveCfg = Debug|Any CPU
		{F7984BA4-D726-4BDB-BE92-CDB47244EE70}.Debug|Any CPU.Build.0 = Debug|Any CPU
		{F7984BA4-D726-4BDB-BE92-CDB47244EE70}.Debug|ARM.ActiveCfg = Debug|Any CPU
		{F7984BA4-D726-4BDB-BE92-CDB47244EE70}.Debug|ARM.Build.0 = Debug|Any CPU
		{F7984BA4-D726-4BDB-BE92-CDB47244EE70}.Debug|x64.ActiveCfg = Debug|Any CPU
		{F7984BA4-D726-4BDB-BE92-CDB47244EE70}.Debug|x64.Build.0 = Debug|Any CPU
		{F7984BA4-D726-4BDB-BE92-CDB47244EE70}.Debug|x86.ActiveCfg = Debug|Any CPU
		{F7984BA4-D726-4BDB-BE92-CDB47244EE70}.Debug|x86.Build.0 = Debug|Any CPU
		{F7984BA4-D726-4BDB-BE92-CDB47244EE70}.Release|Any CPU.ActiveCfg = Release|Any CPU
		{F7984BA4-D726-4BDB-BE92-CDB47244EE70}.Release|Any CPU.Build.0 = Release|Any CPU
		{F7984BA4-D726-4BDB-BE92-CDB47244EE70}.Release|ARM.ActiveCfg = Release|Any CPU
		{F7984BA4-D726-4BDB-BE92-CDB47244EE70}.Release|ARM.Build.0 = Release|Any CPU
		{F7984BA4-D726-4BDB-BE92-CDB47244EE70}.Release|x64.ActiveCfg = Release|Any CPU
		{F7984BA4-D726-4BDB-BE92-CDB47244EE70}.Release|x64.Build.0 = Release|Any CPU
		{F7984BA4-D726-4BDB-BE92-CDB47244EE70}.Release|x86.ActiveCfg = Release|Any CPU
		{F7984BA4-D726-4BDB-BE92-CDB47244EE70}.Release|x86.Build.0 = Release|Any CPU
		{8B8E59A2-4E58-492F-A7EE-2CB3EC4C744B}.Debug|Any CPU.ActiveCfg = Debug|Any CPU
		{8B8E59A2-4E58-492F-A7EE-2CB3EC4C744B}.Debug|Any CPU.Build.0 = Debug|Any CPU
		{8B8E59A2-4E58-492F-A7EE-2CB3EC4C744B}.Debug|ARM.ActiveCfg = Debug|Any CPU
		{8B8E59A2-4E58-492F-A7EE-2CB3EC4C744B}.Debug|ARM.Build.0 = Debug|Any CPU
		{8B8E59A2-4E58-492F-A7EE-2CB3EC4C744B}.Debug|x64.ActiveCfg = Debug|Any CPU
		{8B8E59A2-4E58-492F-A7EE-2CB3EC4C744B}.Debug|x64.Build.0 = Debug|Any CPU
		{8B8E59A2-4E58-492F-A7EE-2CB3EC4C744B}.Debug|x86.ActiveCfg = Debug|Any CPU
		{8B8E59A2-4E58-492F-A7EE-2CB3EC4C744B}.Debug|x86.Build.0 = Debug|Any CPU
		{8B8E59A2-4E58-492F-A7EE-2CB3EC4C744B}.Release|Any CPU.ActiveCfg = Release|Any CPU
		{8B8E59A2-4E58-492F-A7EE-2CB3EC4C744B}.Release|Any CPU.Build.0 = Release|Any CPU
		{8B8E59A2-4E58-492F-A7EE-2CB3EC4C744B}.Release|ARM.ActiveCfg = Release|Any CPU
		{8B8E59A2-4E58-492F-A7EE-2CB3EC4C744B}.Release|ARM.Build.0 = Release|Any CPU
		{8B8E59A2-4E58-492F-A7EE-2CB3EC4C744B}.Release|x64.ActiveCfg = Release|Any CPU
		{8B8E59A2-4E58-492F-A7EE-2CB3EC4C744B}.Release|x64.Build.0 = Release|Any CPU
		{8B8E59A2-4E58-492F-A7EE-2CB3EC4C744B}.Release|x86.ActiveCfg = Release|Any CPU
		{8B8E59A2-4E58-492F-A7EE-2CB3EC4C744B}.Release|x86.Build.0 = Release|Any CPU
		{4193F8B6-B1B2-4D19-B949-6DEE97F9AD82}.Debug|Any CPU.ActiveCfg = Debug|Any CPU
		{4193F8B6-B1B2-4D19-B949-6DEE97F9AD82}.Debug|Any CPU.Build.0 = Debug|Any CPU
		{4193F8B6-B1B2-4D19-B949-6DEE97F9AD82}.Debug|ARM.ActiveCfg = Debug|Any CPU
		{4193F8B6-B1B2-4D19-B949-6DEE97F9AD82}.Debug|ARM.Build.0 = Debug|Any CPU
		{4193F8B6-B1B2-4D19-B949-6DEE97F9AD82}.Debug|x64.ActiveCfg = Debug|Any CPU
		{4193F8B6-B1B2-4D19-B949-6DEE97F9AD82}.Debug|x64.Build.0 = Debug|Any CPU
		{4193F8B6-B1B2-4D19-B949-6DEE97F9AD82}.Debug|x86.ActiveCfg = Debug|Any CPU
		{4193F8B6-B1B2-4D19-B949-6DEE97F9AD82}.Debug|x86.Build.0 = Debug|Any CPU
		{4193F8B6-B1B2-4D19-B949-6DEE97F9AD82}.Release|Any CPU.ActiveCfg = Release|Any CPU
		{4193F8B6-B1B2-4D19-B949-6DEE97F9AD82}.Release|Any CPU.Build.0 = Release|Any CPU
		{4193F8B6-B1B2-4D19-B949-6DEE97F9AD82}.Release|ARM.ActiveCfg = Release|Any CPU
		{4193F8B6-B1B2-4D19-B949-6DEE97F9AD82}.Release|ARM.Build.0 = Release|Any CPU
		{4193F8B6-B1B2-4D19-B949-6DEE97F9AD82}.Release|x64.ActiveCfg = Release|Any CPU
		{4193F8B6-B1B2-4D19-B949-6DEE97F9AD82}.Release|x64.Build.0 = Release|Any CPU
		{4193F8B6-B1B2-4D19-B949-6DEE97F9AD82}.Release|x86.ActiveCfg = Release|Any CPU
		{4193F8B6-B1B2-4D19-B949-6DEE97F9AD82}.Release|x86.Build.0 = Release|Any CPU
		{A267496A-C3D7-44D3-87CC-14A913CFF2B5}.Debug|Any CPU.ActiveCfg = Debug|Any CPU
		{A267496A-C3D7-44D3-87CC-14A913CFF2B5}.Debug|Any CPU.Build.0 = Debug|Any CPU
		{A267496A-C3D7-44D3-87CC-14A913CFF2B5}.Debug|ARM.ActiveCfg = Debug|Any CPU
		{A267496A-C3D7-44D3-87CC-14A913CFF2B5}.Debug|ARM.Build.0 = Debug|Any CPU
		{A267496A-C3D7-44D3-87CC-14A913CFF2B5}.Debug|x64.ActiveCfg = Debug|Any CPU
		{A267496A-C3D7-44D3-87CC-14A913CFF2B5}.Debug|x64.Build.0 = Debug|Any CPU
		{A267496A-C3D7-44D3-87CC-14A913CFF2B5}.Debug|x86.ActiveCfg = Debug|Any CPU
		{A267496A-C3D7-44D3-87CC-14A913CFF2B5}.Debug|x86.Build.0 = Debug|Any CPU
		{A267496A-C3D7-44D3-87CC-14A913CFF2B5}.Release|Any CPU.ActiveCfg = Release|Any CPU
		{A267496A-C3D7-44D3-87CC-14A913CFF2B5}.Release|Any CPU.Build.0 = Release|Any CPU
		{A267496A-C3D7-44D3-87CC-14A913CFF2B5}.Release|ARM.ActiveCfg = Release|Any CPU
		{A267496A-C3D7-44D3-87CC-14A913CFF2B5}.Release|ARM.Build.0 = Release|Any CPU
		{A267496A-C3D7-44D3-87CC-14A913CFF2B5}.Release|x64.ActiveCfg = Release|Any CPU
		{A267496A-C3D7-44D3-87CC-14A913CFF2B5}.Release|x64.Build.0 = Release|Any CPU
		{A267496A-C3D7-44D3-87CC-14A913CFF2B5}.Release|x86.ActiveCfg = Release|Any CPU
		{A267496A-C3D7-44D3-87CC-14A913CFF2B5}.Release|x86.Build.0 = Release|Any CPU
		{78C1AFF3-57EB-4818-A15C-D14674013688}.Debug|Any CPU.ActiveCfg = Debug|Any CPU
		{78C1AFF3-57EB-4818-A15C-D14674013688}.Debug|Any CPU.Build.0 = Debug|Any CPU
		{78C1AFF3-57EB-4818-A15C-D14674013688}.Debug|ARM.ActiveCfg = Debug|Any CPU
		{78C1AFF3-57EB-4818-A15C-D14674013688}.Debug|ARM.Build.0 = Debug|Any CPU
		{78C1AFF3-57EB-4818-A15C-D14674013688}.Debug|x64.ActiveCfg = Debug|Any CPU
		{78C1AFF3-57EB-4818-A15C-D14674013688}.Debug|x64.Build.0 = Debug|Any CPU
		{78C1AFF3-57EB-4818-A15C-D14674013688}.Debug|x86.ActiveCfg = Debug|Any CPU
		{78C1AFF3-57EB-4818-A15C-D14674013688}.Debug|x86.Build.0 = Debug|Any CPU
		{78C1AFF3-57EB-4818-A15C-D14674013688}.Release|Any CPU.ActiveCfg = Release|Any CPU
		{78C1AFF3-57EB-4818-A15C-D14674013688}.Release|Any CPU.Build.0 = Release|Any CPU
		{78C1AFF3-57EB-4818-A15C-D14674013688}.Release|ARM.ActiveCfg = Release|Any CPU
		{78C1AFF3-57EB-4818-A15C-D14674013688}.Release|ARM.Build.0 = Release|Any CPU
		{78C1AFF3-57EB-4818-A15C-D14674013688}.Release|x64.ActiveCfg = Release|Any CPU
		{78C1AFF3-57EB-4818-A15C-D14674013688}.Release|x64.Build.0 = Release|Any CPU
		{78C1AFF3-57EB-4818-A15C-D14674013688}.Release|x86.ActiveCfg = Release|Any CPU
		{78C1AFF3-57EB-4818-A15C-D14674013688}.Release|x86.Build.0 = Release|Any CPU
		{0BA5B7DC-750B-4E19-93AE-C94736E41823}.Debug|Any CPU.ActiveCfg = Debug|Any CPU
		{0BA5B7DC-750B-4E19-93AE-C94736E41823}.Debug|Any CPU.Build.0 = Debug|Any CPU
		{0BA5B7DC-750B-4E19-93AE-C94736E41823}.Debug|ARM.ActiveCfg = Debug|Any CPU
		{0BA5B7DC-750B-4E19-93AE-C94736E41823}.Debug|ARM.Build.0 = Debug|Any CPU
		{0BA5B7DC-750B-4E19-93AE-C94736E41823}.Debug|x64.ActiveCfg = Debug|Any CPU
		{0BA5B7DC-750B-4E19-93AE-C94736E41823}.Debug|x64.Build.0 = Debug|Any CPU
		{0BA5B7DC-750B-4E19-93AE-C94736E41823}.Debug|x86.ActiveCfg = Debug|Any CPU
		{0BA5B7DC-750B-4E19-93AE-C94736E41823}.Debug|x86.Build.0 = Debug|Any CPU
		{0BA5B7DC-750B-4E19-93AE-C94736E41823}.Release|Any CPU.ActiveCfg = Release|Any CPU
		{0BA5B7DC-750B-4E19-93AE-C94736E41823}.Release|Any CPU.Build.0 = Release|Any CPU
		{0BA5B7DC-750B-4E19-93AE-C94736E41823}.Release|ARM.ActiveCfg = Release|Any CPU
		{0BA5B7DC-750B-4E19-93AE-C94736E41823}.Release|ARM.Build.0 = Release|Any CPU
		{0BA5B7DC-750B-4E19-93AE-C94736E41823}.Release|x64.ActiveCfg = Release|Any CPU
		{0BA5B7DC-750B-4E19-93AE-C94736E41823}.Release|x64.Build.0 = Release|Any CPU
		{0BA5B7DC-750B-4E19-93AE-C94736E41823}.Release|x86.ActiveCfg = Release|Any CPU
		{0BA5B7DC-750B-4E19-93AE-C94736E41823}.Release|x86.Build.0 = Release|Any CPU
	EndGlobalSection
	GlobalSection(SolutionProperties) = preSolution
		HideSolutionNode = FALSE
	EndGlobalSection
EndGlobal
